{
  "object": {
    "pins": [
      {
        "package": "Codextended",
        "repositoryURL": "https://github.com/johnsundell/codextended.git",
        "state": {
          "branch": null,
          "revision": "8d7c46dfc9c55240870cf5561d6cefa41e3d7105",
          "version": "0.3.0"
        }
      },
      {
        "package": "Files",
        "repositoryURL": "https://github.com/johnsundell/files.git",
        "state": {
          "branch": null,
          "revision": "22fe84797d499ffca911ccd896b34efaf06a50b9",
          "version": "4.1.1"
        }
      },
      {
        "package": "Ink",
        "repositoryURL": "https://github.com/johnsundell/ink.git",
        "state": {
          "branch": null,
          "revision": "bd223a2482449507bd3286cb262c962d32d81e4b",
          "version": "0.5.0"
        }
      },
      {
        "package": "LoggerKit",
        "repositoryURL": "https://github.com/pvieito/LoggerKit.git",
        "state": {
          "branch": "master",
          "revision": "ef47fd965cc1b78ddfd6c2907535cbfd66920444",
          "version": null
        }
      },
      {
        "package": "Plot",
        "repositoryURL": "https://github.com/johnsundell/plot.git",
        "state": {
          "branch": null,
          "revision": "61e828949ca6f84071bde65c8fc046cf74b7d1a2",
          "version": "0.8.0"
        }
      },
      {
        "package": "Publish",
        "repositoryURL": "https://github.com/johnsundell/publish.git",
        "state": {
          "branch": null,
          "revision": "e77aab786992350ea92333737fdb3d7cad3ca8fc",
          "version": "0.7.0"
        }
      },
      {
        "package": "PythonKit",
        "repositoryURL": "https://github.com/pvieito/PythonKit.git",
        "state": {
          "branch": "master",
          "revision": "a0817e0d68f0a50a631fc5fab0b8d219fd010241",
          "version": null
        }
      },
      {
        "package": "Rainbow",
        "repositoryURL": "https://github.com/onevcat/Rainbow",
        "state": {
          "branch": null,
          "revision": "9c52c1952e9b2305d4507cf473392ac2d7c9b155",
          "version": "3.1.5"
        }
      },
      {
        "package": "ShellOut",
        "repositoryURL": "https://github.com/johnsundell/shellout.git",
        "state": {
          "branch": null,
          "revision": "e1577acf2b6e90086d01a6d5e2b8efdaae033568",
          "version": "2.3.0"
        }
      },
      {
        "package": "Sweep",
        "repositoryURL": "https://github.com/johnsundell/sweep.git",
        "state": {
          "branch": null,
          "revision": "801c2878e4c6c5baf32fe132e1f3f3af6f9fd1b0",
          "version": "0.4.0"
        }
      },
      {
        "package": "swift-argument-parser",
        "repositoryURL": "https://github.com/apple/swift-argument-parser",
        "state": {
          "branch": null,
          "revision": "223d62adc52d51669ae2ee19bdb8b7d9fd6fcd9c",
          "version": "0.0.6"
        }
      },
      {
        "package": "SwiftPygments",
        "repositoryURL": "https://github.com/Ze0nC/SwiftPygments",
        "state": {
          "branch": "master",
          "revision": "c22bcfcc5931db56c971c1d2722de856a8bfaf39",
          "version": null
        }
      },
      {
        "package": "SwiftPygmentsPublishPlugin",
        "repositoryURL": "https://github.com/Ze0nC/SwiftPygmentsPublishPlugin",
        "state": {
          "branch": "master",
          "revision": "9280f5d55a4a7600cef2e08078ec456ab345904c",
          "version": null
        }
      }
    ]
  },
  "version": 1
}
